
Microsoft Visual Studio Solution File, Format Version 12.00
# Visual Studio Version 17
VisualStudioVersion = 17.8.34322.80
MinimumVisualStudioVersion = 10.0.40219.1
Project("{9A19103F-16F7-4668-BE54-9A1E7A4F7556}") = "SchoolManagement.Web", "SchoolManagement.Web.csproj", "{B0669AA4-51EF-43CE-9DA1-15DC79CF979D}"
EndProject
Project("{FAE04EC0-301F-11D3-BF4B-00C04F79EFBC}") = "DataAccessLayer", "..\DataAccessLayer\DataAccessLayer.csproj", "{1E05F48E-61FC-4752-AFB2-C63AFC863AEC}"
EndProject
Project("{FAE04EC0-301F-11D3-BF4B-00C04F79EFBC}") = "BusinessLogic", "..\BusinessLogic\BusinessLogic.csproj", "{30A7DFCD-1556-4511-A8E4-E02B1BA51F88}"
EndProject
Global
	GlobalSection(SolutionConfigurationPlatforms) = preSolution
		Debug|Any CPU = Debug|Any CPU
		Release|Any CPU = Release|Any CPU
	EndGlobalSection
	GlobalSection(ProjectConfigurationPlatforms) = postSolution
		{B0669AA4-51EF-43CE-9DA1-15DC79CF979D}.Debug|Any CPU.ActiveCfg = Debug|Any CPU
		{B0669AA4-51EF-43CE-9DA1-15DC79CF979D}.Debug|Any CPU.Build.0 = Debug|Any CPU
		{B0669AA4-51EF-43CE-9DA1-15DC79CF979D}.Release|Any CPU.ActiveCfg = Release|Any CPU
		{B0669AA4-51EF-43CE-9DA1-15DC79CF979D}.Release|Any CPU.Build.0 = Release|Any CPU
		{1E05F48E-61FC-4752-AFB2-C63AFC863AEC}.Debug|Any CPU.ActiveCfg = Debug|Any CPU
		{1E05F48E-61FC-4752-AFB2-C63AFC863AEC}.Debug|Any CPU.Build.0 = Debug|Any CPU
		{1E05F48E-61FC-4752-AFB2-C63AFC863AEC}.Release|Any CPU.ActiveCfg = Release|Any CPU
		{1E05F48E-61FC-4752-AFB2-C63AFC863AEC}.Release|Any CPU.Build.0 = Release|Any CPU
		{30A7DFCD-1556-4511-A8E4-E02B1BA51F88}.Debug|Any CPU.ActiveCfg = Debug|Any CPU
		{30A7DFCD-1556-4511-A8E4-E02B1BA51F88}.Debug|Any CPU.Build.0 = Debug|Any CPU
		{30A7DFCD-1556-4511-A8E4-E02B1BA51F88}.Release|Any CPU.ActiveCfg = Release|Any CPU
		{30A7DFCD-1556-4511-A8E4-E02B1BA51F88}.Release|Any CPU.Build.0 = Release|Any CPU
	EndGlobalSection
	GlobalSection(SolutionProperties) = preSolution
		HideSolutionNode = FALSE
	EndGlobalSection
	GlobalSection(ExtensibilityGlobals) = postSolution
		SolutionGuid = {11B6A7B9-7E27-495B-96C7-4BDA18F6D4B9}
	EndGlobalSection
EndGlobal
